
Microsoft Visual Studio Solution File, Format Version 12.00
# Visual Studio Version 16
VisualStudioVersion = 16.0.31025.194
MinimumVisualStudioVersion = 10.0.40219.1
Project("{FAE04EC0-301F-11D3-BF4B-00C04F79EFBC}") = "Sueldos", "Sueldos\Sueldos.csproj", "{61249795-1EAB-428F-A045-39A3D1831036}"
EndProject
Global
	GlobalSection(SolutionConfigurationPlatforms) = preSolution
		Debug|Any CPU = Debug|Any CPU
		Release|Any CPU = Release|Any CPU
	EndGlobalSection
	GlobalSection(ProjectConfigurationPlatforms) = postSolution
		{61249795-1EAB-428F-A045-39A3D1831036}.Debug|Any CPU.ActiveCfg = Debug|Any CPU
		{61249795-1EAB-428F-A045-39A3D1831036}.Debug|Any CPU.Build.0 = Debug|Any CPU
		{61249795-1EAB-428F-A045-39A3D1831036}.Release|Any CPU.ActiveCfg = Release|Any CPU
		{61249795-1EAB-428F-A045-39A3D1831036}.Release|Any CPU.Build.0 = Release|Any CPU
	EndGlobalSection
	GlobalSection(SolutionProperties) = preSolution
		HideSolutionNode = FALSE
	EndGlobalSection
	GlobalSection(ExtensibilityGlobals) = postSolution
		SolutionGuid = {F7B7EAD0-3B42-458B-9935-0CCB04ACD56F}
	EndGlobalSection
EndGlobal
